PODS:
  - Expecta (0.3.2)
  - FMDB/standard (2.6.2)
  - FMDBMigrationManager (1.4.1):
    - FMDBMigrationManager/System (= 1.4.1)
  - FMDBMigrationManager/System (1.4.1):
    - FMDB/standard (>= 2.3)

DEPENDENCIES:
  - Expecta (~> 0.3.0)
  - FMDB/standard
  - FMDBMigrationManager (from `.`)

EXTERNAL SOURCES:
  FMDBMigrationManager:
    :path: "."

SPEC CHECKSUMS:
  Expecta: 8c507baf13211207b1e9d0a741480600e6b4ed15
  FMDB: 854a0341b4726e53276f2a8996f06f1b80f9259a
  FMDBMigrationManager: d52007f328ea0665e8985ca8a33500707aef084f

PODFILE CHECKSUM: 61da09b650eb6600c18fd68ee285b37b7c6cc50e

COCOAPODS: 1.0.1
